
Microsoft Visual Studio Solution File, Format Version 12.00
# Visual Studio 17
VisualStudioVersion = 17.0.31903.59
MinimumVisualStudioVersion = 15.0.26124.0
Project("{2150E333-8FDC-42A3-9474-1A3956D46DE8}") = "src", "src", "{EB31F3BE-2CB7-4C42-8E35-FF97075ECB4E}"
EndProject
Project("{FAE04EC0-301F-11D3-BF4B-00C04F79EFBC}") = "ASPNETCore2JwtAuthentication.DomainClasses", "src\ASPNETCore2JwtAuthentication.DomainClasses\ASPNETCore2JwtAuthentication.DomainClasses.csproj", "{34852B0F-2494-43F0-B120-8918D0A97DD7}"
EndProject
Project("{FAE04EC0-301F-11D3-BF4B-00C04F79EFBC}") = "ASPNETCore2JwtAuthentication.Services", "src\ASPNETCore2JwtAuthentication.Services\ASPNETCore2JwtAuthentication.Services.csproj", "{1E8CD7AD-C3DD-4346-A203-755C25204A9B}"
EndProject
Project("{FAE04EC0-301F-11D3-BF4B-00C04F79EFBC}") = "ASPNETCore2JwtAuthentication.WebApp", "src\ASPNETCore2JwtAuthentication.WebApp\ASPNETCore2JwtAuthentication.WebApp.csproj", "{D98CDC18-543B-48C5-8B59-76E398F3E08F}"
EndProject
Project("{FAE04EC0-301F-11D3-BF4B-00C04F79EFBC}") = "ASPNETCore2JwtAuthentication.DataLayer", "src\ASPNETCore2JwtAuthentication.DataLayer\ASPNETCore2JwtAuthentication.DataLayer.csproj", "{75DD2312-9B4F-497A-9FBE-8377C51B1E79}"
EndProject
Project("{FAE04EC0-301F-11D3-BF4B-00C04F79EFBC}") = "ASPNETCore2JwtAuthentication.Common", "src\ASPNETCore2JwtAuthentication.Common\ASPNETCore2JwtAuthentication.Common.csproj", "{34E2F813-5901-4069-9515-BFEB39DE3222}"
EndProject
Project("{FAE04EC0-301F-11D3-BF4B-00C04F79EFBC}") = "ASPNETCore2JwtAuthentication.ConsoleClient", "src\ASPNETCore2JwtAuthentication.ConsoleClient\ASPNETCore2JwtAuthentication.ConsoleClient.csproj", "{47536CB0-1B7E-4089-AFBF-D7C55A6076EC}"
EndProject
Project("{FAE04EC0-301F-11D3-BF4B-00C04F79EFBC}") = "ASPNETCore2JwtAuthentication.IoCConfig", "src\ASPNETCore2JwtAuthentication.IoCConfig\ASPNETCore2JwtAuthentication.IoCConfig.csproj", "{9C3184B8-F3AC-4ED9-A352-C861AF264461}"
EndProject
Project("{FAE04EC0-301F-11D3-BF4B-00C04F79EFBC}") = "ASPNETCore2JwtAuthentication.IntegrationTests", "src\ASPNETCore2JwtAuthentication.IntegrationTests\ASPNETCore2JwtAuthentication.IntegrationTests.csproj", "{CE730DE4-734E-42DC-85D4-A602FD10B895}"
EndProject
Project("{FAE04EC0-301F-11D3-BF4B-00C04F79EFBC}") = "ASPNETCore2JwtAuthentication.Models", "src\ASPNETCore2JwtAuthentication.Models\ASPNETCore2JwtAuthentication.Models.csproj", "{856F032F-F3C2-4C32-A23F-7E8070199B6B}"
EndProject
Global
	GlobalSection(SolutionConfigurationPlatforms) = preSolution
		Debug|Any CPU = Debug|Any CPU
		Debug|x64 = Debug|x64
		Debug|x86 = Debug|x86
		Release|Any CPU = Release|Any CPU
		Release|x64 = Release|x64
		Release|x86 = Release|x86
	EndGlobalSection
	GlobalSection(SolutionProperties) = preSolution
		HideSolutionNode = FALSE
	EndGlobalSection
	GlobalSection(ProjectConfigurationPlatforms) = postSolution
		{34852B0F-2494-43F0-B120-8918D0A97DD7}.Debug|Any CPU.ActiveCfg = Debug|Any CPU
		{34852B0F-2494-43F0-B120-8918D0A97DD7}.Debug|Any CPU.Build.0 = Debug|Any CPU
		{34852B0F-2494-43F0-B120-8918D0A97DD7}.Debug|x64.ActiveCfg = Debug|Any CPU
		{34852B0F-2494-43F0-B120-8918D0A97DD7}.Debug|x64.Build.0 = Debug|Any CPU
		{34852B0F-2494-43F0-B120-8918D0A97DD7}.Debug|x86.ActiveCfg = Debug|Any CPU
		{34852B0F-2494-43F0-B120-8918D0A97DD7}.Debug|x86.Build.0 = Debug|Any CPU
		{34852B0F-2494-43F0-B120-8918D0A97DD7}.Release|Any CPU.ActiveCfg = Release|Any CPU
		{34852B0F-2494-43F0-B120-8918D0A97DD7}.Release|Any CPU.Build.0 = Release|Any CPU
		{34852B0F-2494-43F0-B120-8918D0A97DD7}.Release|x64.ActiveCfg = Release|Any CPU
		{34852B0F-2494-43F0-B120-8918D0A97DD7}.Release|x64.Build.0 = Release|Any CPU
		{34852B0F-2494-43F0-B120-8918D0A97DD7}.Release|x86.ActiveCfg = Release|Any CPU
		{34852B0F-2494-43F0-B120-8918D0A97DD7}.Release|x86.Build.0 = Release|Any CPU
		{1E8CD7AD-C3DD-4346-A203-755C25204A9B}.Debug|Any CPU.ActiveCfg = Debug|Any CPU
		{1E8CD7AD-C3DD-4346-A203-755C25204A9B}.Debug|Any CPU.Build.0 = Debug|Any CPU
		{1E8CD7AD-C3DD-4346-A203-755C25204A9B}.Debug|x64.ActiveCfg = Debug|Any CPU
		{1E8CD7AD-C3DD-4346-A203-755C25204A9B}.Debug|x64.Build.0 = Debug|Any CPU
		{1E8CD7AD-C3DD-4346-A203-755C25204A9B}.Debug|x86.ActiveCfg = Debug|Any CPU
		{1E8CD7AD-C3DD-4346-A203-755C25204A9B}.Debug|x86.Build.0 = Debug|Any CPU
		{1E8CD7AD-C3DD-4346-A203-755C25204A9B}.Release|Any CPU.ActiveCfg = Release|Any CPU
		{1E8CD7AD-C3DD-4346-A203-755C25204A9B}.Release|Any CPU.Build.0 = Release|Any CPU
		{1E8CD7AD-C3DD-4346-A203-755C25204A9B}.Release|x64.ActiveCfg = Release|Any CPU
		{1E8CD7AD-C3DD-4346-A203-755C25204A9B}.Release|x64.Build.0 = Release|Any CPU
		{1E8CD7AD-C3DD-4346-A203-755C25204A9B}.Release|x86.ActiveCfg = Release|Any CPU
		{1E8CD7AD-C3DD-4346-A203-755C25204A9B}.Release|x86.Build.0 = Release|Any CPU
		{D98CDC18-543B-48C5-8B59-76E398F3E08F}.Debug|Any CPU.ActiveCfg = Debug|Any CPU
		{D98CDC18-543B-48C5-8B59-76E398F3E08F}.Debug|Any CPU.Build.0 = Debug|Any CPU
		{D98CDC18-543B-48C5-8B59-76E398F3E08F}.Debug|x64.ActiveCfg = Debug|Any CPU
		{D98CDC18-543B-48C5-8B59-76E398F3E08F}.Debug|x64.Build.0 = Debug|Any CPU
		{D98CDC18-543B-48C5-8B59-76E398F3E08F}.Debug|x86.ActiveCfg = Debug|Any CPU
		{D98CDC18-543B-48C5-8B59-76E398F3E08F}.Debug|x86.Build.0 = Debug|Any CPU
		{D98CDC18-543B-48C5-8B59-76E398F3E08F}.Release|Any CPU.ActiveCfg = Release|Any CPU
		{D98CDC18-543B-48C5-8B59-76E398F3E08F}.Release|Any CPU.Build.0 = Release|Any CPU
		{D98CDC18-543B-48C5-8B59-76E398F3E08F}.Release|x64.ActiveCfg = Release|Any CPU
		{D98CDC18-543B-48C5-8B59-76E398F3E08F}.Release|x64.Build.0 = Release|Any CPU
		{D98CDC18-543B-48C5-8B59-76E398F3E08F}.Release|x86.ActiveCfg = Release|Any CPU
		{D98CDC18-543B-48C5-8B59-76E398F3E08F}.Release|x86.Build.0 = Release|Any CPU
		{75DD2312-9B4F-497A-9FBE-8377C51B1E79}.Debug|Any CPU.ActiveCfg = Debug|Any CPU
		{75DD2312-9B4F-497A-9FBE-8377C51B1E79}.Debug|Any CPU.Build.0 = Debug|Any CPU
		{75DD2312-9B4F-497A-9FBE-8377C51B1E79}.Debug|x64.ActiveCfg = Debug|Any CPU
		{75DD2312-9B4F-497A-9FBE-8377C51B1E79}.Debug|x64.Build.0 = Debug|Any CPU
		{75DD2312-9B4F-497A-9FBE-8377C51B1E79}.Debug|x86.ActiveCfg = Debug|Any CPU
		{75DD2312-9B4F-497A-9FBE-8377C51B1E79}.Debug|x86.Build.0 = Debug|Any CPU
		{75DD2312-9B4F-497A-9FBE-8377C51B1E79}.Release|Any CPU.ActiveCfg = Release|Any CPU
		{75DD2312-9B4F-497A-9FBE-8377C51B1E79}.Release|Any CPU.Build.0 = Release|Any CPU
		{75DD2312-9B4F-497A-9FBE-8377C51B1E79}.Release|x64.ActiveCfg = Release|Any CPU
		{75DD2312-9B4F-497A-9FBE-8377C51B1E79}.Release|x64.Build.0 = Release|Any CPU
		{75DD2312-9B4F-497A-9FBE-8377C51B1E79}.Release|x86.ActiveCfg = Release|Any CPU
		{75DD2312-9B4F-497A-9FBE-8377C51B1E79}.Release|x86.Build.0 = Release|Any CPU
		{34E2F813-5901-4069-9515-BFEB39DE3222}.Debug|Any CPU.ActiveCfg = Debug|Any CPU
		{34E2F813-5901-4069-9515-BFEB39DE3222}.Debug|Any CPU.Build.0 = Debug|Any CPU
		{34E2F813-5901-4069-9515-BFEB39DE3222}.Debug|x64.ActiveCfg = Debug|Any CPU
		{34E2F813-5901-4069-9515-BFEB39DE3222}.Debug|x64.Build.0 = Debug|Any CPU
		{34E2F813-5901-4069-9515-BFEB39DE3222}.Debug|x86.ActiveCfg = Debug|Any CPU
		{34E2F813-5901-4069-9515-BFEB39DE3222}.Debug|x86.Build.0 = Debug|Any CPU
		{34E2F813-5901-4069-9515-BFEB39DE3222}.Release|Any CPU.ActiveCfg = Release|Any CPU
		{34E2F813-5901-4069-9515-BFEB39DE3222}.Release|Any CPU.Build.0 = Release|Any CPU
		{34E2F813-5901-4069-9515-BFEB39DE3222}.Release|x64.ActiveCfg = Release|Any CPU
		{34E2F813-5901-4069-9515-BFEB39DE3222}.Release|x64.Build.0 = Release|Any CPU
		{34E2F813-5901-4069-9515-BFEB39DE3222}.Release|x86.ActiveCfg = Release|Any CPU
		{34E2F813-5901-4069-9515-BFEB39DE3222}.Release|x86.Build.0 = Release|Any CPU
		{47536CB0-1B7E-4089-AFBF-D7C55A6076EC}.Debug|Any CPU.ActiveCfg = Debug|Any CPU
		{47536CB0-1B7E-4089-AFBF-D7C55A6076EC}.Debug|Any CPU.Build.0 = Debug|Any CPU
		{47536CB0-1B7E-4089-AFBF-D7C55A6076EC}.Debug|x64.ActiveCfg = Debug|Any CPU
		{47536CB0-1B7E-4089-AFBF-D7C55A6076EC}.Debug|x64.Build.0 = Debug|Any CPU
		{47536CB0-1B7E-4089-AFBF-D7C55A6076EC}.Debug|x86.ActiveCfg = Debug|Any CPU
		{47536CB0-1B7E-4089-AFBF-D7C55A6076EC}.Debug|x86.Build.0 = Debug|Any CPU
		{47536CB0-1B7E-4089-AFBF-D7C55A6076EC}.Release|Any CPU.ActiveCfg = Release|Any CPU
		{47536CB0-1B7E-4089-AFBF-D7C55A6076EC}.Release|Any CPU.Build.0 = Release|Any CPU
		{47536CB0-1B7E-4089-AFBF-D7C55A6076EC}.Release|x64.ActiveCfg = Release|Any CPU
		{47536CB0-1B7E-4089-AFBF-D7C55A6076EC}.Release|x64.Build.0 = Release|Any CPU
		{47536CB0-1B7E-4089-AFBF-D7C55A6076EC}.Release|x86.ActiveCfg = Release|Any CPU
		{47536CB0-1B7E-4089-AFBF-D7C55A6076EC}.Release|x86.Build.0 = Release|Any CPU
		{9C3184B8-F3AC-4ED9-A352-C861AF264461}.Debug|Any CPU.ActiveCfg = Debug|Any CPU
		{9C3184B8-F3AC-4ED9-A352-C861AF264461}.Debug|Any CPU.Build.0 = Debug|Any CPU
		{9C3184B8-F3AC-4ED9-A352-C861AF264461}.Debug|x64.ActiveCfg = Debug|Any CPU
		{9C3184B8-F3AC-4ED9-A352-C861AF264461}.Debug|x64.Build.0 = Debug|Any CPU
		{9C3184B8-F3AC-4ED9-A352-C861AF264461}.Debug|x86.ActiveCfg = Debug|Any CPU
		{9C3184B8-F3AC-4ED9-A352-C861AF264461}.Debug|x86.Build.0 = Debug|Any CPU
		{9C3184B8-F3AC-4ED9-A352-C861AF264461}.Release|Any CPU.ActiveCfg = Release|Any CPU
		{9C3184B8-F3AC-4ED9-A352-C861AF264461}.Release|Any CPU.Build.0 = Release|Any CPU
		{9C3184B8-F3AC-4ED9-A352-C861AF264461}.Release|x64.ActiveCfg = Release|Any CPU
		{9C3184B8-F3AC-4ED9-A352-C861AF264461}.Release|x64.Build.0 = Release|Any CPU
		{9C3184B8-F3AC-4ED9-A352-C861AF264461}.Release|x86.ActiveCfg = Release|Any CPU
		{9C3184B8-F3AC-4ED9-A352-C861AF264461}.Release|x86.Build.0 = Release|Any CPU
		{CE730DE4-734E-42DC-85D4-A602FD10B895}.Debug|Any CPU.ActiveCfg = Debug|Any CPU
		{CE730DE4-734E-42DC-85D4-A602FD10B895}.Debug|Any CPU.Build.0 = Debug|Any CPU
		{CE730DE4-734E-42DC-85D4-A602FD10B895}.Debug|x64.ActiveCfg = Debug|Any CPU
		{CE730DE4-734E-42DC-85D4-A602FD10B895}.Debug|x64.Build.0 = Debug|Any CPU
		{CE730DE4-734E-42DC-85D4-A602FD10B895}.Debug|x86.ActiveCfg = Debug|Any CPU
		{CE730DE4-734E-42DC-85D4-A602FD10B895}.Debug|x86.Build.0 = Debug|Any CPU
		{CE730DE4-734E-42DC-85D4-A602FD10B895}.Release|Any CPU.ActiveCfg = Release|Any CPU
		{CE730DE4-734E-42DC-85D4-A602FD10B895}.Release|Any CPU.Build.0 = Release|Any CPU
		{CE730DE4-734E-42DC-85D4-A602FD10B895}.Release|x64.ActiveCfg = Release|Any CPU
		{CE730DE4-734E-42DC-85D4-A602FD10B895}.Release|x64.Build.0 = Release|Any CPU
		{CE730DE4-734E-42DC-85D4-A602FD10B895}.Release|x86.ActiveCfg = Release|Any CPU
		{CE730DE4-734E-42DC-85D4-A602FD10B895}.Release|x86.Build.0 = Release|Any CPU
		{856F032F-F3C2-4C32-A23F-7E8070199B6B}.Debug|Any CPU.ActiveCfg = Debug|Any CPU
		{856F032F-F3C2-4C32-A23F-7E8070199B6B}.Debug|Any CPU.Build.0 = Debug|Any CPU
		{856F032F-F3C2-4C32-A23F-7E8070199B6B}.Debug|x64.ActiveCfg = Debug|Any CPU
		{856F032F-F3C2-4C32-A23F-7E8070199B6B}.Debug|x64.Build.0 = Debug|Any CPU
		{856F032F-F3C2-4C32-A23F-7E8070199B6B}.Debug|x86.ActiveCfg = Debug|Any CPU
		{856F032F-F3C2-4C32-A23F-7E8070199B6B}.Debug|x86.Build.0 = Debug|Any CPU
		{856F032F-F3C2-4C32-A23F-7E8070199B6B}.Release|Any CPU.ActiveCfg = Release|Any CPU
		{856F032F-F3C2-4C32-A23F-7E8070199B6B}.Release|Any CPU.Build.0 = Release|Any CPU
		{856F032F-F3C2-4C32-A23F-7E8070199B6B}.Release|x64.ActiveCfg = Release|Any CPU
		{856F032F-F3C2-4C32-A23F-7E8070199B6B}.Release|x64.Build.0 = Release|Any CPU
		{856F032F-F3C2-4C32-A23F-7E8070199B6B}.Release|x86.ActiveCfg = Release|Any CPU
		{856F032F-F3C2-4C32-A23F-7E8070199B6B}.Release|x86.Build.0 = Release|Any CPU
	EndGlobalSection
	GlobalSection(NestedProjects) = preSolution
		{34852B0F-2494-43F0-B120-8918D0A97DD7} = {EB31F3BE-2CB7-4C42-8E35-FF97075ECB4E}
		{1E8CD7AD-C3DD-4346-A203-755C25204A9B} = {EB31F3BE-2CB7-4C42-8E35-FF97075ECB4E}
		{D98CDC18-543B-48C5-8B59-76E398F3E08F} = {EB31F3BE-2CB7-4C42-8E35-FF97075ECB4E}
		{75DD2312-9B4F-497A-9FBE-8377C51B1E79} = {EB31F3BE-2CB7-4C42-8E35-FF97075ECB4E}
		{34E2F813-5901-4069-9515-BFEB39DE3222} = {EB31F3BE-2CB7-4C42-8E35-FF97075ECB4E}
		{47536CB0-1B7E-4089-AFBF-D7C55A6076EC} = {EB31F3BE-2CB7-4C42-8E35-FF97075ECB4E}
		{9C3184B8-F3AC-4ED9-A352-C861AF264461} = {EB31F3BE-2CB7-4C42-8E35-FF97075ECB4E}
		{CE730DE4-734E-42DC-85D4-A602FD10B895} = {EB31F3BE-2CB7-4C42-8E35-FF97075ECB4E}
		{856F032F-F3C2-4C32-A23F-7E8070199B6B} = {EB31F3BE-2CB7-4C42-8E35-FF97075ECB4E}
	EndGlobalSection
EndGlobal
